// !$*UTF8*$!
{
	archiveVersion = 1;
	classes = {
	};
	objectVersion = 46;
	objects = {

/* Begin PBXBuildFile section */
		0A1340C21F120AB80052F0AF /* RealTIRModelTests.swift in Sources */ = {isa = PBXBuildFile; fileRef = 0A1340C11F120AB80052F0AF /* RealTIRModelTests.swift */; };
		0A16BBED1EC3221700D00B87 /* TIRChoiseInterfaceViewController.swift in Sources */ = {isa = PBXBuildFile; fileRef = 0A16BBEB1EC3221700D00B87 /* TIRChoiseInterfaceViewController.swift */; };
		0A16BBEF1EC3221700D00B87 /* TIRChoiseInterfaceViewController.xib in Resources */ = {isa = PBXBuildFile; fileRef = 0A16BBEC1EC3221700D00B87 /* TIRChoiseInterfaceViewController.xib */; };
		0A16BBF01EC3221700D00B87 /* TIRChoiseInterfaceViewController.xib in Resources */ = {isa = PBXBuildFile; fileRef = 0A16BBEC1EC3221700D00B87 /* TIRChoiseInterfaceViewController.xib */; };
		0A1827491F2747A100AEBFC3 /* TIRVIPModelElement.swift in Sources */ = {isa = PBXBuildFile; fileRef = 0A1827481F2747A100AEBFC3 /* TIRVIPModelElement.swift */; };
		0A2BD5A41F28A73E0076D5B9 /* RealTIRGameScreenVIPInteractorTest.swift in Sources */ = {isa = PBXBuildFile; fileRef = 0A2BD5A31F28A73E0076D5B9 /* RealTIRGameScreenVIPInteractorTest.swift */; };
		0A3BC83B1EEBEFAC0079854E /* TIRCollectionViewCell.swift in Sources */ = {isa = PBXBuildFile; fileRef = 0A3BC8351EEBEFAC0079854E /* TIRCollectionViewCell.swift */; };
		0A3BC83C1EEBEFAC0079854E /* TIRCollectionViewCell.xib in Resources */ = {isa = PBXBuildFile; fileRef = 0A3BC8361EEBEFAC0079854E /* TIRCollectionViewCell.xib */; };
		0A3BC83F1EEBEFAC0079854E /* TIRCollectionViewLayout.swift in Sources */ = {isa = PBXBuildFile; fileRef = 0A3BC8391EEBEFAC0079854E /* TIRCollectionViewLayout.swift */; };
		0A52D6211F4D6FDB00C38B27 /* TIRCollectionViewLayoutAttributes.swift in Sources */ = {isa = PBXBuildFile; fileRef = 0A52D6201F4D6FDB00C38B27 /* TIRCollectionViewLayoutAttributes.swift */; };
		0A73B5BE1F2495D400DA2478 /* TIRVIPCollectionViewController.swift in Sources */ = {isa = PBXBuildFile; fileRef = 0A73B5BA1F2495D400DA2478 /* TIRVIPCollectionViewController.swift */; };
		0A73B5BF1F2495D400DA2478 /* TIRVIPCollectionViewController.xib in Resources */ = {isa = PBXBuildFile; fileRef = 0A73B5BB1F2495D400DA2478 /* TIRVIPCollectionViewController.xib */; };
		0A73B5C01F2495D400DA2478 /* TIRVIPInteractor.swift in Sources */ = {isa = PBXBuildFile; fileRef = 0A73B5BC1F2495D400DA2478 /* TIRVIPInteractor.swift */; };
		0A73B5C11F2495D400DA2478 /* TIRVIPPresenter.swift in Sources */ = {isa = PBXBuildFile; fileRef = 0A73B5BD1F2495D400DA2478 /* TIRVIPPresenter.swift */; };
		0AAC52ED1EBB13C2004DE1A2 /* AppDelegate.swift in Sources */ = {isa = PBXBuildFile; fileRef = 0AAC52EC1EBB13C2004DE1A2 /* AppDelegate.swift */; };
		0AAC52F21EBB13C2004DE1A2 /* Main.storyboard in Resources */ = {isa = PBXBuildFile; fileRef = 0AAC52F01EBB13C2004DE1A2 /* Main.storyboard */; };
		0AAC52F51EBB13C2004DE1A2 /* ThreeInRow.xcdatamodeld in Sources */ = {isa = PBXBuildFile; fileRef = 0AAC52F31EBB13C2004DE1A2 /* ThreeInRow.xcdatamodeld */; };
		0AAC52F71EBB13C2004DE1A2 /* Assets.xcassets in Resources */ = {isa = PBXBuildFile; fileRef = 0AAC52F61EBB13C2004DE1A2 /* Assets.xcassets */; };
		0AAC52FA1EBB13C2004DE1A2 /* LaunchScreen.storyboard in Resources */ = {isa = PBXBuildFile; fileRef = 0AAC52F81EBB13C2004DE1A2 /* LaunchScreen.storyboard */; };
		0AAC53051EBB13C3004DE1A2 /* ThreeInRowTests.swift in Sources */ = {isa = PBXBuildFile; fileRef = 0AAC53041EBB13C3004DE1A2 /* ThreeInRowTests.swift */; };
		0AF3C4D61F4AD172001EA6CD /* TIRRealTIRCollectionViewController.swift in Sources */ = {isa = PBXBuildFile; fileRef = 0AF3C4D11F4AD172001EA6CD /* TIRRealTIRCollectionViewController.swift */; };
		0AF3C4D71F4AD172001EA6CD /* TIRRealTIRCollectionViewController.xib in Resources */ = {isa = PBXBuildFile; fileRef = 0AF3C4D21F4AD172001EA6CD /* TIRRealTIRCollectionViewController.xib */; };
		0AF3C4D81F4AD172001EA6CD /* TIRRealTIRModel.swift in Sources */ = {isa = PBXBuildFile; fileRef = 0AF3C4D31F4AD172001EA6CD /* TIRRealTIRModel.swift */; };
		0AF3C4D91F4AD172001EA6CD /* TIRRealTIRModelElement.swift in Sources */ = {isa = PBXBuildFile; fileRef = 0AF3C4D41F4AD172001EA6CD /* TIRRealTIRModelElement.swift */; };
		0AF3C4DA1F4AD172001EA6CD /* TIRRealTIRPresenter.swift in Sources */ = {isa = PBXBuildFile; fileRef = 0AF3C4D51F4AD172001EA6CD /* TIRRealTIRPresenter.swift */; };
		0AF3C4DD1F4ADEFB001EA6CD /* TIRVIPERRouter.swift in Sources */ = {isa = PBXBuildFile; fileRef = 0AF3C4DC1F4ADEFB001EA6CD /* TIRVIPERRouter.swift */; };
		0AF3C4DF1F4ADF24001EA6CD /* TIRVIPERPresenter.swift in Sources */ = {isa = PBXBuildFile; fileRef = 0AF3C4DE1F4ADF24001EA6CD /* TIRVIPERPresenter.swift */; };
		0AF3C4E21F4ADFBF001EA6CD /* TIRVIPERView.swift in Sources */ = {isa = PBXBuildFile; fileRef = 0AF3C4E01F4ADFBF001EA6CD /* TIRVIPERView.swift */; };
		0AF3C4E51F4ADFEB001EA6CD /* TIRVIPERInteractor.swift in Sources */ = {isa = PBXBuildFile; fileRef = 0AF3C4E41F4ADFEB001EA6CD /* TIRVIPERInteractor.swift */; };
		0AF3C4E71F4AE375001EA6CD /* TIRVIPERView.storyboard in Resources */ = {isa = PBXBuildFile; fileRef = 0AF3C4E61F4AE375001EA6CD /* TIRVIPERView.storyboard */; };
		0AF3C4E91F4AF476001EA6CD /* TIRVIPERModelElement.swift in Sources */ = {isa = PBXBuildFile; fileRef = 0AF3C4E81F4AF476001EA6CD /* TIRVIPERModelElement.swift */; };
		0AF3C4EB1F4AF536001EA6CD /* TIRCommonTypes.swift in Sources */ = {isa = PBXBuildFile; fileRef = 0AF3C4EA1F4AF536001EA6CD /* TIRCommonTypes.swift */; };
/* End PBXBuildFile section */

/* Begin PBXContainerItemProxy section */
		0AAC53011EBB13C3004DE1A2 /* PBXContainerItemProxy */ = {
			isa = PBXContainerItemProxy;
			containerPortal = 0AAC52E11EBB13C2004DE1A2 /* Project object */;
			proxyType = 1;
			remoteGlobalIDString = 0AAC52E81EBB13C2004DE1A2;
			remoteInfo = ThreeInRow;
		};
/* End PBXContainerItemProxy section */

/* Begin PBXFileReference section */
		0A1340C11F120AB80052F0AF /* RealTIRModelTests.swift */ = {isa = PBXFileReference; fileEncoding = 4; lastKnownFileType = sourcecode.swift; path = RealTIRModelTests.swift; sourceTree = "<group>"; };
		0A16BBEB1EC3221700D00B87 /* TIRChoiseInterfaceViewController.swift */ = {isa = PBXFileReference; fileEncoding = 4; lastKnownFileType = sourcecode.swift; path = TIRChoiseInterfaceViewController.swift; sourceTree = "<group>"; };
		0A16BBEC1EC3221700D00B87 /* TIRChoiseInterfaceViewController.xib */ = {isa = PBXFileReference; fileEncoding = 4; lastKnownFileType = file.xib; path = TIRChoiseInterfaceViewController.xib; sourceTree = "<group>"; };
		0A1827481F2747A100AEBFC3 /* TIRVIPModelElement.swift */ = {isa = PBXFileReference; fileEncoding = 4; lastKnownFileType = sourcecode.swift; path = TIRVIPModelElement.swift; sourceTree = "<group>"; };
		0A2BD5A31F28A73E0076D5B9 /* RealTIRGameScreenVIPInteractorTest.swift */ = {isa = PBXFileReference; fileEncoding = 4; lastKnownFileType = sourcecode.swift; path = RealTIRGameScreenVIPInteractorTest.swift; sourceTree = "<group>"; };
		0A3BC8351EEBEFAC0079854E /* TIRCollectionViewCell.swift */ = {isa = PBXFileReference; fileEncoding = 4; lastKnownFileType = sourcecode.swift; path = TIRCollectionViewCell.swift; sourceTree = "<group>"; };
		0A3BC8361EEBEFAC0079854E /* TIRCollectionViewCell.xib */ = {isa = PBXFileReference; fileEncoding = 4; lastKnownFileType = file.xib; path = TIRCollectionViewCell.xib; sourceTree = "<group>"; };
		0A3BC8391EEBEFAC0079854E /* TIRCollectionViewLayout.swift */ = {isa = PBXFileReference; fileEncoding = 4; lastKnownFileType = sourcecode.swift; path = TIRCollectionViewLayout.swift; sourceTree = "<group>"; };
		0A52D6201F4D6FDB00C38B27 /* TIRCollectionViewLayoutAttributes.swift */ = {isa = PBXFileReference; fileEncoding = 4; lastKnownFileType = sourcecode.swift; path = TIRCollectionViewLayoutAttributes.swift; sourceTree = "<group>"; };
		0A73B5BA1F2495D400DA2478 /* TIRVIPCollectionViewController.swift */ = {isa = PBXFileReference; fileEncoding = 4; lastKnownFileType = sourcecode.swift; path = TIRVIPCollectionViewController.swift; sourceTree = "<group>"; };
		0A73B5BB1F2495D400DA2478 /* TIRVIPCollectionViewController.xib */ = {isa = PBXFileReference; fileEncoding = 4; lastKnownFileType = file.xib; path = TIRVIPCollectionViewController.xib; sourceTree = "<group>"; };
		0A73B5BC1F2495D400DA2478 /* TIRVIPInteractor.swift */ = {isa = PBXFileReference; fileEncoding = 4; lastKnownFileType = sourcecode.swift; path = TIRVIPInteractor.swift; sourceTree = "<group>"; };
		0A73B5BD1F2495D400DA2478 /* TIRVIPPresenter.swift */ = {isa = PBXFileReference; fileEncoding = 4; lastKnownFileType = sourcecode.swift; path = TIRVIPPresenter.swift; sourceTree = "<group>"; };
		0AAC52E91EBB13C2004DE1A2 /* ThreeInRow.app */ = {isa = PBXFileReference; explicitFileType = wrapper.application; includeInIndex = 0; path = ThreeInRow.app; sourceTree = BUILT_PRODUCTS_DIR; };
		0AAC52EC1EBB13C2004DE1A2 /* AppDelegate.swift */ = {isa = PBXFileReference; lastKnownFileType = sourcecode.swift; path = AppDelegate.swift; sourceTree = "<group>"; };
		0AAC52F11EBB13C2004DE1A2 /* Base */ = {isa = PBXFileReference; lastKnownFileType = file.storyboard; name = Base; path = Base.lproj/Main.storyboard; sourceTree = "<group>"; };
		0AAC52F41EBB13C2004DE1A2 /* ThreeInRow.xcdatamodel */ = {isa = PBXFileReference; lastKnownFileType = wrapper.xcdatamodel; path = ThreeInRow.xcdatamodel; sourceTree = "<group>"; };
		0AAC52F61EBB13C2004DE1A2 /* Assets.xcassets */ = {isa = PBXFileReference; lastKnownFileType = folder.assetcatalog; path = Assets.xcassets; sourceTree = "<group>"; };
		0AAC52F91EBB13C2004DE1A2 /* Base */ = {isa = PBXFileReference; lastKnownFileType = file.storyboard; name = Base; path = Base.lproj/LaunchScreen.storyboard; sourceTree = "<group>"; };
		0AAC52FB1EBB13C2004DE1A2 /* Info.plist */ = {isa = PBXFileReference; lastKnownFileType = text.plist.xml; path = Info.plist; sourceTree = "<group>"; };
		0AAC53001EBB13C3004DE1A2 /* ThreeInRowTests.xctest */ = {isa = PBXFileReference; explicitFileType = wrapper.cfbundle; includeInIndex = 0; path = ThreeInRowTests.xctest; sourceTree = BUILT_PRODUCTS_DIR; };
		0AAC53041EBB13C3004DE1A2 /* ThreeInRowTests.swift */ = {isa = PBXFileReference; lastKnownFileType = sourcecode.swift; path = ThreeInRowTests.swift; sourceTree = "<group>"; };
		0AAC53061EBB13C3004DE1A2 /* Info.plist */ = {isa = PBXFileReference; lastKnownFileType = text.plist.xml; path = Info.plist; sourceTree = "<group>"; };
		0AF3C4D11F4AD172001EA6CD /* TIRRealTIRCollectionViewController.swift */ = {isa = PBXFileReference; fileEncoding = 4; lastKnownFileType = sourcecode.swift; path = TIRRealTIRCollectionViewController.swift; sourceTree = "<group>"; };
		0AF3C4D21F4AD172001EA6CD /* TIRRealTIRCollectionViewController.xib */ = {isa = PBXFileReference; fileEncoding = 4; lastKnownFileType = file.xib; path = TIRRealTIRCollectionViewController.xib; sourceTree = "<group>"; };
		0AF3C4D31F4AD172001EA6CD /* TIRRealTIRModel.swift */ = {isa = PBXFileReference; fileEncoding = 4; lastKnownFileType = sourcecode.swift; path = TIRRealTIRModel.swift; sourceTree = "<group>"; };
		0AF3C4D41F4AD172001EA6CD /* TIRRealTIRModelElement.swift */ = {isa = PBXFileReference; fileEncoding = 4; lastKnownFileType = sourcecode.swift; path = TIRRealTIRModelElement.swift; sourceTree = "<group>"; };
		0AF3C4D51F4AD172001EA6CD /* TIRRealTIRPresenter.swift */ = {isa = PBXFileReference; fileEncoding = 4; lastKnownFileType = sourcecode.swift; path = TIRRealTIRPresenter.swift; sourceTree = "<group>"; };
		0AF3C4DC1F4ADEFB001EA6CD /* TIRVIPERRouter.swift */ = {isa = PBXFileReference; fileEncoding = 4; lastKnownFileType = sourcecode.swift; path = TIRVIPERRouter.swift; sourceTree = "<group>"; };
		0AF3C4DE1F4ADF24001EA6CD /* TIRVIPERPresenter.swift */ = {isa = PBXFileReference; fileEncoding = 4; lastKnownFileType = sourcecode.swift; path = TIRVIPERPresenter.swift; sourceTree = "<group>"; };
		0AF3C4E01F4ADFBF001EA6CD /* TIRVIPERView.swift */ = {isa = PBXFileReference; fileEncoding = 4; lastKnownFileType = sourcecode.swift; path = TIRVIPERView.swift; sourceTree = "<group>"; };
		0AF3C4E41F4ADFEB001EA6CD /* TIRVIPERInteractor.swift */ = {isa = PBXFileReference; fileEncoding = 4; lastKnownFileType = sourcecode.swift; path = TIRVIPERInteractor.swift; sourceTree = "<group>"; };
		0AF3C4E61F4AE375001EA6CD /* TIRVIPERView.storyboard */ = {isa = PBXFileReference; fileEncoding = 4; lastKnownFileType = file.storyboard; path = TIRVIPERView.storyboard; sourceTree = "<group>"; };
		0AF3C4E81F4AF476001EA6CD /* TIRVIPERModelElement.swift */ = {isa = PBXFileReference; fileEncoding = 4; lastKnownFileType = sourcecode.swift; path = TIRVIPERModelElement.swift; sourceTree = "<group>"; };
		0AF3C4EA1F4AF536001EA6CD /* TIRCommonTypes.swift */ = {isa = PBXFileReference; fileEncoding = 4; lastKnownFileType = sourcecode.swift; path = TIRCommonTypes.swift; sourceTree = "<group>"; };
/* End PBXFileReference section */

/* Begin PBXFrameworksBuildPhase section */
		0AAC52E61EBB13C2004DE1A2 /* Frameworks */ = {
			isa = PBXFrameworksBuildPhase;
			buildActionMask = 2147483647;
			files = (
			);
			runOnlyForDeploymentPostprocessing = 0;
		};
		0AAC52FD1EBB13C3004DE1A2 /* Frameworks */ = {
			isa = PBXFrameworksBuildPhase;
			buildActionMask = 2147483647;
			files = (
			);
			runOnlyForDeploymentPostprocessing = 0;
		};
/* End PBXFrameworksBuildPhase section */

/* Begin PBXGroup section */
		0A3BC8341EEBEF9A0079854E /* RealTIR */ = {
			isa = PBXGroup;
			children = (
				0A3BC8351EEBEFAC0079854E /* TIRCollectionViewCell.swift */,
				0A3BC8361EEBEFAC0079854E /* TIRCollectionViewCell.xib */,
				0A3BC8391EEBEFAC0079854E /* TIRCollectionViewLayout.swift */,
				0A52D6201F4D6FDB00C38B27 /* TIRCollectionViewLayoutAttributes.swift */,
				0AF3C4EA1F4AF536001EA6CD /* TIRCommonTypes.swift */,
				0AF3C4DB1F4ADAE1001EA6CD /* VIPER */,
				0AF3C4D01F4AD0EC001EA6CD /* MVP */,
				0A73B5B11F24934D00DA2478 /* VIP */,
			);
			path = RealTIR;
			sourceTree = "<group>";
		};
		0A73B5B11F24934D00DA2478 /* VIP */ = {
			isa = PBXGroup;
			children = (
				0A73B5BB1F2495D400DA2478 /* TIRVIPCollectionViewController.xib */,
				0A73B5BA1F2495D400DA2478 /* TIRVIPCollectionViewController.swift */,
				0A73B5BC1F2495D400DA2478 /* TIRVIPInteractor.swift */,
				0A1827481F2747A100AEBFC3 /* TIRVIPModelElement.swift */,
				0A73B5BD1F2495D400DA2478 /* TIRVIPPresenter.swift */,
			);
			path = VIP;
			sourceTree = "<group>";
		};
		0AAC52E01EBB13C2004DE1A2 = {
			isa = PBXGroup;
			children = (
				0AAC52EB1EBB13C2004DE1A2 /* ThreeInRow */,
				0AAC53031EBB13C3004DE1A2 /* ThreeInRowTests */,
				0AAC52EA1EBB13C2004DE1A2 /* Products */,
			);
			sourceTree = "<group>";
		};
		0AAC52EA1EBB13C2004DE1A2 /* Products */ = {
			isa = PBXGroup;
			children = (
				0AAC52E91EBB13C2004DE1A2 /* ThreeInRow.app */,
				0AAC53001EBB13C3004DE1A2 /* ThreeInRowTests.xctest */,
			);
			name = Products;
			sourceTree = "<group>";
		};
		0AAC52EB1EBB13C2004DE1A2 /* ThreeInRow */ = {
			isa = PBXGroup;
			children = (
				0AAC52EC1EBB13C2004DE1A2 /* AppDelegate.swift */,
				0A16BBEB1EC3221700D00B87 /* TIRChoiseInterfaceViewController.swift */,
				0A16BBEC1EC3221700D00B87 /* TIRChoiseInterfaceViewController.xib */,
				0A3BC8341EEBEF9A0079854E /* RealTIR */,
				0AAC52F01EBB13C2004DE1A2 /* Main.storyboard */,
				0AAC52F61EBB13C2004DE1A2 /* Assets.xcassets */,
				0AAC52F81EBB13C2004DE1A2 /* LaunchScreen.storyboard */,
				0AAC52FB1EBB13C2004DE1A2 /* Info.plist */,
				0AAC52F31EBB13C2004DE1A2 /* ThreeInRow.xcdatamodeld */,
			);
			path = ThreeInRow;
			sourceTree = "<group>";
		};
		0AAC53031EBB13C3004DE1A2 /* ThreeInRowTests */ = {
			isa = PBXGroup;
			children = (
				0A1340C11F120AB80052F0AF /* RealTIRModelTests.swift */,
				0A2BD5A31F28A73E0076D5B9 /* RealTIRGameScreenVIPInteractorTest.swift */,
				0AAC53041EBB13C3004DE1A2 /* ThreeInRowTests.swift */,
				0AAC53061EBB13C3004DE1A2 /* Info.plist */,
			);
			path = ThreeInRowTests;
			sourceTree = "<group>";
		};
		0AF3C4D01F4AD0EC001EA6CD /* MVP */ = {
			isa = PBXGroup;
			children = (
				0AF3C4D11F4AD172001EA6CD /* TIRRealTIRCollectionViewController.swift */,
				0AF3C4D21F4AD172001EA6CD /* TIRRealTIRCollectionViewController.xib */,
				0AF3C4D31F4AD172001EA6CD /* TIRRealTIRModel.swift */,
				0AF3C4D41F4AD172001EA6CD /* TIRRealTIRModelElement.swift */,
				0AF3C4D51F4AD172001EA6CD /* TIRRealTIRPresenter.swift */,
			);
			path = MVP;
			sourceTree = "<group>";
		};
		0AF3C4DB1F4ADAE1001EA6CD /* VIPER */ = {
			isa = PBXGroup;
			children = (
				0AF3C4DC1F4ADEFB001EA6CD /* TIRVIPERRouter.swift */,
				0AF3C4E01F4ADFBF001EA6CD /* TIRVIPERView.swift */,
				0AF3C4E61F4AE375001EA6CD /* TIRVIPERView.storyboard */,
				0AF3C4E41F4ADFEB001EA6CD /* TIRVIPERInteractor.swift */,
				0AF3C4E81F4AF476001EA6CD /* TIRVIPERModelElement.swift */,
				0AF3C4DE1F4ADF24001EA6CD /* TIRVIPERPresenter.swift */,
			);
			path = VIPER;
			sourceTree = "<group>";
		};
/* End PBXGroup section */

/* Begin PBXNativeTarget section */
		0AAC52E81EBB13C2004DE1A2 /* ThreeInRow */ = {
			isa = PBXNativeTarget;
			buildConfigurationList = 0AAC53091EBB13C3004DE1A2 /* Build configuration list for PBXNativeTarget "ThreeInRow" */;
			buildPhases = (
				0AAC52E51EBB13C2004DE1A2 /* Sources */,
				0AAC52E61EBB13C2004DE1A2 /* Frameworks */,
				0AAC52E71EBB13C2004DE1A2 /* Resources */,
			);
			buildRules = (
			);
			dependencies = (
			);
			name = ThreeInRow;
			productName = ThreeInRow;
			productReference = 0AAC52E91EBB13C2004DE1A2 /* ThreeInRow.app */;
			productType = "com.apple.product-type.application";
		};
		0AAC52FF1EBB13C3004DE1A2 /* ThreeInRowTests */ = {
			isa = PBXNativeTarget;
			buildConfigurationList = 0AAC530C1EBB13C3004DE1A2 /* Build configuration list for PBXNativeTarget "ThreeInRowTests" */;
			buildPhases = (
				0AAC52FC1EBB13C3004DE1A2 /* Sources */,
				0AAC52FD1EBB13C3004DE1A2 /* Frameworks */,
				0AAC52FE1EBB13C3004DE1A2 /* Resources */,
			);
			buildRules = (
			);
			dependencies = (
				0AAC53021EBB13C3004DE1A2 /* PBXTargetDependency */,
			);
			name = ThreeInRowTests;
			productName = ThreeInRowTests;
			productReference = 0AAC53001EBB13C3004DE1A2 /* ThreeInRowTests.xctest */;
			productType = "com.apple.product-type.bundle.unit-test";
		};
/* End PBXNativeTarget section */

/* Begin PBXProject section */
		0AAC52E11EBB13C2004DE1A2 /* Project object */ = {
			isa = PBXProject;
			attributes = {
				LastSwiftUpdateCheck = 0830;
				LastUpgradeCheck = 0830;
				ORGANIZATIONNAME = "DMITRY SINYOV";
				TargetAttributes = {
					0AAC52E81EBB13C2004DE1A2 = {
						CreatedOnToolsVersion = 8.3.2;
						DevelopmentTeam = 5L5PQRS7LV;
						ProvisioningStyle = Automatic;
					};
					0AAC52FF1EBB13C3004DE1A2 = {
						CreatedOnToolsVersion = 8.3.2;
						DevelopmentTeam = 5L5PQRS7LV;
						ProvisioningStyle = Automatic;
						TestTargetID = 0AAC52E81EBB13C2004DE1A2;
					};
				};
			};
			buildConfigurationList = 0AAC52E41EBB13C2004DE1A2 /* Build configuration list for PBXProject "ThreeInRow" */;
			compatibilityVersion = "Xcode 3.2";
			developmentRegion = English;
			hasScannedForEncodings = 0;
			knownRegions = (
				en,
				Base,
			);
			mainGroup = 0AAC52E01EBB13C2004DE1A2;
			productRefGroup = 0AAC52EA1EBB13C2004DE1A2 /* Products */;
			projectDirPath = "";
			projectRoot = "";
			targets = (
				0AAC52E81EBB13C2004DE1A2 /* ThreeInRow */,
				0AAC52FF1EBB13C3004DE1A2 /* ThreeInRowTests */,
			);
		};
/* End PBXProject section */

/* Begin PBXResourcesBuildPhase section */
		0AAC52E71EBB13C2004DE1A2 /* Resources */ = {
			isa = PBXResourcesBuildPhase;
			buildActionMask = 2147483647;
			files = (
				0AAC52FA1EBB13C2004DE1A2 /* LaunchScreen.storyboard in Resources */,
				0AAC52F71EBB13C2004DE1A2 /* Assets.xcassets in Resources */,
				0AF3C4D71F4AD172001EA6CD /* TIRRealTIRCollectionViewController.xib in Resources */,
				0A73B5BF1F2495D400DA2478 /* TIRVIPCollectionViewController.xib in Resources */,
				0A16BBEF1EC3221700D00B87 /* TIRChoiseInterfaceViewController.xib in Resources */,
				0AF3C4E71F4AE375001EA6CD /* TIRVIPERView.storyboard in Resources */,
				0A3BC83C1EEBEFAC0079854E /* TIRCollectionViewCell.xib in Resources */,
				0AAC52F21EBB13C2004DE1A2 /* Main.storyboard in Resources */,
			);
			runOnlyForDeploymentPostprocessing = 0;
		};
		0AAC52FE1EBB13C3004DE1A2 /* Resources */ = {
			isa = PBXResourcesBuildPhase;
			buildActionMask = 2147483647;
			files = (
				0A16BBF01EC3221700D00B87 /* TIRChoiseInterfaceViewController.xib in Resources */,
			);
			runOnlyForDeploymentPostprocessing = 0;
		};
/* End PBXResourcesBuildPhase section */

/* Begin PBXSourcesBuildPhase section */
		0AAC52E51EBB13C2004DE1A2 /* Sources */ = {
			isa = PBXSourcesBuildPhase;
			buildActionMask = 2147483647;
			files = (
				0AF3C4DD1F4ADEFB001EA6CD /* TIRVIPERRouter.swift in Sources */,
				0A73B5C01F2495D400DA2478 /* TIRVIPInteractor.swift in Sources */,
				0AF3C4E51F4ADFEB001EA6CD /* TIRVIPERInteractor.swift in Sources */,
				0A73B5C11F2495D400DA2478 /* TIRVIPPresenter.swift in Sources */,
				0A73B5BE1F2495D400DA2478 /* TIRVIPCollectionViewController.swift in Sources */,
				0AF3C4E21F4ADFBF001EA6CD /* TIRVIPERView.swift in Sources */,
				0A3BC83B1EEBEFAC0079854E /* TIRCollectionViewCell.swift in Sources */,
				0AF3C4DF1F4ADF24001EA6CD /* TIRVIPERPresenter.swift in Sources */,
				0A16BBED1EC3221700D00B87 /* TIRChoiseInterfaceViewController.swift in Sources */,
				0A52D6211F4D6FDB00C38B27 /* TIRCollectionViewLayoutAttributes.swift in Sources */,
				0AF3C4D91F4AD172001EA6CD /* TIRRealTIRModelElement.swift in Sources */,
				0A1827491F2747A100AEBFC3 /* TIRVIPModelElement.swift in Sources */,
				0AAC52F51EBB13C2004DE1A2 /* ThreeInRow.xcdatamodeld in Sources */,
				0AF3C4DA1F4AD172001EA6CD /* TIRRealTIRPresenter.swift in Sources */,
				0AF3C4D61F4AD172001EA6CD /* TIRRealTIRCollectionViewController.swift in Sources */,
				0AF3C4E91F4AF476001EA6CD /* TIRVIPERModelElement.swift in Sources */,
				0AAC52ED1EBB13C2004DE1A2 /* AppDelegate.swift in Sources */,
				0AF3C4EB1F4AF536001EA6CD /* TIRCommonTypes.swift in Sources */,
				0AF3C4D81F4AD172001EA6CD /* TIRRealTIRModel.swift in Sources */,
				0A3BC83F1EEBEFAC0079854E /* TIRCollectionViewLayout.swift in Sources */,
			);
			runOnlyForDeploymentPostprocessing = 0;
		};
		0AAC52FC1EBB13C3004DE1A2 /* Sources */ = {
			isa = PBXSourcesBuildPhase;
			buildActionMask = 2147483647;
			files = (
				0A1340C21F120AB80052F0AF /* RealTIRModelTests.swift in Sources */,
				0A2BD5A41F28A73E0076D5B9 /* RealTIRGameScreenVIPInteractorTest.swift in Sources */,
				0AAC53051EBB13C3004DE1A2 /* ThreeInRowTests.swift in Sources */,
			);
			runOnlyForDeploymentPostprocessing = 0;
		};
/* End PBXSourcesBuildPhase section */

/* Begin PBXTargetDependency section */
		0AAC53021EBB13C3004DE1A2 /* PBXTargetDependency */ = {
			isa = PBXTargetDependency;
			target = 0AAC52E81EBB13C2004DE1A2 /* ThreeInRow */;
			targetProxy = 0AAC53011EBB13C3004DE1A2 /* PBXContainerItemProxy */;
		};
/* End PBXTargetDependency section */

/* Begin PBXVariantGroup section */
		0AAC52F01EBB13C2004DE1A2 /* Main.storyboard */ = {
			isa = PBXVariantGroup;
			children = (
				0AAC52F11EBB13C2004DE1A2 /* Base */,
			);
			name = Main.storyboard;
			sourceTree = "<group>";
		};
		0AAC52F81EBB13C2004DE1A2 /* LaunchScreen.storyboard */ = {
			isa = PBXVariantGroup;
			children = (
				0AAC52F91EBB13C2004DE1A2 /* Base */,
			);
			name = LaunchScreen.storyboard;
			sourceTree = "<group>";
		};
/* End PBXVariantGroup section */

/* Begin XCBuildConfiguration section */
		0AAC53071EBB13C3004DE1A2 /* Debug */ = {
			isa = XCBuildConfiguration;
			buildSettings = {
				ALWAYS_SEARCH_USER_PATHS = NO;
				CLANG_ANALYZER_NONNULL = YES;
				CLANG_ANALYZER_NUMBER_OBJECT_CONVERSION = YES_AGGRESSIVE;
				CLANG_CXX_LANGUAGE_STANDARD = "gnu++0x";
				CLANG_CXX_LIBRARY = "libc++";
				CLANG_ENABLE_MODULES = YES;
				CLANG_ENABLE_OBJC_ARC = YES;
				CLANG_WARN_BOOL_CONVERSION = YES;
				CLANG_WARN_CONSTANT_CONVERSION = YES;
				CLANG_WARN_DIRECT_OBJC_ISA_USAGE = YES_ERROR;
				CLANG_WARN_DOCUMENTATION_COMMENTS = YES;
				CLANG_WARN_EMPTY_BODY = YES;
				CLANG_WARN_ENUM_CONVERSION = YES;
				CLANG_WARN_INFINITE_RECURSION = YES;
				CLANG_WARN_INT_CONVERSION = YES;
				CLANG_WARN_OBJC_ROOT_CLASS = YES_ERROR;
				CLANG_WARN_SUSPICIOUS_MOVE = YES;
				CLANG_WARN_UNREACHABLE_CODE = YES;
				CLANG_WARN__DUPLICATE_METHOD_MATCH = YES;
				"CODE_SIGN_IDENTITY[sdk=iphoneos*]" = "iPhone Developer";
				COPY_PHASE_STRIP = NO;
				DEBUG_INFORMATION_FORMAT = dwarf;
				DEFINES_MODULE = NO;
				ENABLE_STRICT_OBJC_MSGSEND = YES;
				ENABLE_TESTABILITY = YES;
				GCC_C_LANGUAGE_STANDARD = gnu99;
				GCC_DYNAMIC_NO_PIC = NO;
				GCC_NO_COMMON_BLOCKS = YES;
				GCC_OPTIMIZATION_LEVEL = 0;
				GCC_PREPROCESSOR_DEFINITIONS = (
					"DEBUG=1",
					"$(inherited)",
				);
				GCC_WARN_64_TO_32_BIT_CONVERSION = YES;
				GCC_WARN_ABOUT_RETURN_TYPE = YES_ERROR;
				GCC_WARN_UNDECLARED_SELECTOR = YES;
				GCC_WARN_UNINITIALIZED_AUTOS = YES_AGGRESSIVE;
				GCC_WARN_UNUSED_FUNCTION = YES;
				GCC_WARN_UNUSED_VARIABLE = YES;
				IPHONEOS_DEPLOYMENT_TARGET = 10.3;
				MTL_ENABLE_DEBUG_INFO = YES;
				ONLY_ACTIVE_ARCH = YES;
				SDKROOT = iphoneos;
				SWIFT_ACTIVE_COMPILATION_CONDITIONS = DEBUG;
				SWIFT_OPTIMIZATION_LEVEL = "-Onone";
				TARGETED_DEVICE_FAMILY = "1,2";
			};
			name = Debug;
		};
		0AAC53081EBB13C3004DE1A2 /* Release */ = {
			isa = XCBuildConfiguration;
			buildSettings = {
				ALWAYS_SEARCH_USER_PATHS = NO;
				CLANG_ANALYZER_NONNULL = YES;
				CLANG_ANALYZER_NUMBER_OBJECT_CONVERSION = YES_AGGRESSIVE;
				CLANG_CXX_LANGUAGE_STANDARD = "gnu++0x";
				CLANG_CXX_LIBRARY = "libc++";
				CLANG_ENABLE_MODULES = YES;
				CLANG_ENABLE_OBJC_ARC = YES;
				CLANG_WARN_BOOL_CONVERSION = YES;
				CLANG_WARN_CONSTANT_CONVERSION = YES;
				CLANG_WARN_DIRECT_OBJC_ISA_USAGE = YES_ERROR;
				CLANG_WARN_DOCUMENTATION_COMMENTS = YES;
				CLANG_WARN_EMPTY_BODY = YES;
				CLANG_WARN_ENUM_CONVERSION = YES;
				CLANG_WARN_INFINITE_RECURSION = YES;
				CLANG_WARN_INT_CONVERSION = YES;
				CLANG_WARN_OBJC_ROOT_CLASS = YES_ERROR;
				CLANG_WARN_SUSPICIOUS_MOVE = YES;
				CLANG_WARN_UNREACHABLE_CODE = YES;
				CLANG_WARN__DUPLICATE_METHOD_MATCH = YES;
				"CODE_SIGN_IDENTITY[sdk=iphoneos*]" = "iPhone Developer";
				COPY_PHASE_STRIP = NO;
				DEBUG_INFORMATION_FORMAT = "dwarf-with-dsym";
				DEFINES_MODULE = NO;
				ENABLE_NS_ASSERTIONS = NO;
				ENABLE_STRICT_OBJC_MSGSEND = YES;
				GCC_C_LANGUAGE_STANDARD = gnu99;
				GCC_NO_COMMON_BLOCKS = YES;
				GCC_WARN_64_TO_32_BIT_CONVERSION = YES;
				GCC_WARN_ABOUT_RETURN_TYPE = YES_ERROR;
				GCC_WARN_UNDECLARED_SELECTOR = YES;
				GCC_WARN_UNINITIALIZED_AUTOS = YES_AGGRESSIVE;
				GCC_WARN_UNUSED_FUNCTION = YES;
				GCC_WARN_UNUSED_VARIABLE = YES;
				IPHONEOS_DEPLOYMENT_TARGET = 10.3;
				MTL_ENABLE_DEBUG_INFO = NO;
				SDKROOT = iphoneos;
				SWIFT_OPTIMIZATION_LEVEL = "-Owholemodule";
				TARGETED_DEVICE_FAMILY = "1,2";
				VALIDATE_PRODUCT = YES;
			};
			name = Release;
		};
		0AAC530A1EBB13C3004DE1A2 /* Debug */ = {
			isa = XCBuildConfiguration;
			buildSettings = {
				ASSETCATALOG_COMPILER_APPICON_NAME = AppIcon;
				DEVELOPMENT_TEAM = 5L5PQRS7LV;
				INFOPLIST_FILE = ThreeInRow/Info.plist;
				IPHONEOS_DEPLOYMENT_TARGET = 10.0;
				LD_RUNPATH_SEARCH_PATHS = "$(inherited) @executable_path/Frameworks";
				PRODUCT_BUNDLE_IDENTIFIER = com.application1917.ThreeInRow;
				PRODUCT_NAME = "$(TARGET_NAME)";
				SWIFT_VERSION = 3.0;
			};
			name = Debug;
		};
		0AAC530B1EBB13C3004DE1A2 /* Release */ = {
			isa = XCBuildConfiguration;
			buildSettings = {
				ASSETCATALOG_COMPILER_APPICON_NAME = AppIcon;
				DEVELOPMENT_TEAM = 5L5PQRS7LV;
				INFOPLIST_FILE = ThreeInRow/Info.plist;
				IPHONEOS_DEPLOYMENT_TARGET = 10.0;
				LD_RUNPATH_SEARCH_PATHS = "$(inherited) @executable_path/Frameworks";
				PRODUCT_BUNDLE_IDENTIFIER = com.application1917.ThreeInRow;
				PRODUCT_NAME = "$(TARGET_NAME)";
				SWIFT_VERSION = 3.0;
			};
			name = Release;
		};
		0AAC530D1EBB13C3004DE1A2 /* Debug */ = {
			isa = XCBuildConfiguration;
			buildSettings = {
				ALWAYS_EMBED_SWIFT_STANDARD_LIBRARIES = YES;
				BUNDLE_LOADER = "$(TEST_HOST)";
				DEVELOPMENT_TEAM = 5L5PQRS7LV;
				INFOPLIST_FILE = ThreeInRowTests/Info.plist;
				LD_RUNPATH_SEARCH_PATHS = "$(inherited) @executable_path/Frameworks @loader_path/Frameworks";
				PRODUCT_BUNDLE_IDENTIFIER = com.application1917.ThreeInRowTests;
				PRODUCT_NAME = "$(TARGET_NAME)";
				SWIFT_VERSION = 3.0;
				TEST_HOST = "$(BUILT_PRODUCTS_DIR)/ThreeInRow.app/ThreeInRow";
			};
			name = Debug;
		};
		0AAC530E1EBB13C3004DE1A2 /* Release */ = {
			isa = XCBuildConfiguration;
			buildSettings = {
				ALWAYS_EMBED_SWIFT_STANDARD_LIBRARIES = YES;
				BUNDLE_LOADER = "$(TEST_HOST)";
				DEVELOPMENT_TEAM = 5L5PQRS7LV;
				INFOPLIST_FILE = ThreeInRowTests/Info.plist;
				LD_RUNPATH_SEARCH_PATHS = "$(inherited) @executable_path/Frameworks @loader_path/Frameworks";
				PRODUCT_BUNDLE_IDENTIFIER = com.application1917.ThreeInRowTests;
				PRODUCT_NAME = "$(TARGET_NAME)";
				SWIFT_VERSION = 3.0;
				TEST_HOST = "$(BUILT_PRODUCTS_DIR)/ThreeInRow.app/ThreeInRow";
			};
			name = Release;
		};
/* End XCBuildConfiguration section */

/* Begin XCConfigurationList section */
		0AAC52E41EBB13C2004DE1A2 /* Build configuration list for PBXProject "ThreeInRow" */ = {
			isa = XCConfigurationList;
			buildConfigurations = (
				0AAC53071EBB13C3004DE1A2 /* Debug */,
				0AAC53081EBB13C3004DE1A2 /* Release */,
			);
			defaultConfigurationIsVisible = 0;
			defaultConfigurationName = Release;
		};
		0AAC53091EBB13C3004DE1A2 /* Build configuration list for PBXNativeTarget "ThreeInRow" */ = {
			isa = XCConfigurationList;
			buildConfigurations = (
				0AAC530A1EBB13C3004DE1A2 /* Debug */,
				0AAC530B1EBB13C3004DE1A2 /* Release */,
			);
			defaultConfigurationIsVisible = 0;
			defaultConfigurationName = Release;
		};
		0AAC530C1EBB13C3004DE1A2 /* Build configuration list for PBXNativeTarget "ThreeInRowTests" */ = {
			isa = XCConfigurationList;
			buildConfigurations = (
				0AAC530D1EBB13C3004DE1A2 /* Debug */,
				0AAC530E1EBB13C3004DE1A2 /* Release */,
			);
			defaultConfigurationIsVisible = 0;
			defaultConfigurationName = Release;
		};
/* End XCConfigurationList section */

/* Begin XCVersionGroup section */
		0AAC52F31EBB13C2004DE1A2 /* ThreeInRow.xcdatamodeld */ = {
			isa = XCVersionGroup;
			children = (
				0AAC52F41EBB13C2004DE1A2 /* ThreeInRow.xcdatamodel */,
			);
			currentVersion = 0AAC52F41EBB13C2004DE1A2 /* ThreeInRow.xcdatamodel */;
			path = ThreeInRow.xcdatamodeld;
			sourceTree = "<group>";
			versionGroupType = wrapper.xcdatamodel;
		};
/* End XCVersionGroup section */
	};
	rootObject = 0AAC52E11EBB13C2004DE1A2 /* Project object */;
}
